// !$*UTF8*$!
{
	archiveVersion = 1;
	classes = {
	};
	objectVersion = 46;
	objects = {

/* Begin PBXBuildFile section */
		13B07FBC1A68108700A75B9A /* AppDelegate.mm in Sources */ = {isa = PBXBuildFile; fileRef = 13B07FB01A68108700A75B9A /* AppDelegate.mm */; };
		13B07FBF1A68108700A75B9A /* Images.xcassets in Resources */ = {isa = PBXBuildFile; fileRef = 13B07FB51A68108700A75B9A /* Images.xcassets */; };
		13B07FC11A68108700A75B9A /* main.m in Sources */ = {isa = PBXBuildFile; fileRef = 13B07FB71A68108700A75B9A /* main.m */; };
		3E461D99554A48A4959DE609 /* SplashScreen.storyboard in Resources */ = {isa = PBXBuildFile; fileRef = AA286B85B6C04FC6940260E9 /* SplashScreen.storyboard */; };
		96905EF65AED1B983A6B3ABC /* libPods-nurseapp.a in Frameworks */ = {isa = PBXBuildFile; fileRef = 58EEBF8E8E6FB1BC6CAF49B5 /* libPods-nurseapp.a */; };
		B18059E884C0ABDD17F3DC3D /* ExpoModulesProvider.swift in Sources */ = {isa = PBXBuildFile; fileRef = FAC715A2D49A985799AEE119 /* ExpoModulesProvider.swift */; };
		BB2F792D24A3F905000567C9 /* Expo.plist in Resources */ = {isa = PBXBuildFile; fileRef = BB2F792C24A3F905000567C9 /* Expo.plist */; };
		91EF9D6B05E9441081F82054 /* noop-file.swift in Sources */ = {isa = PBXBuildFile; fileRef = 457A7CDAC7894C2AB8ACE710 /* noop-file.swift */; };
		A83507DC3A0E48E08CA59039 /* NotificationService.h in Resources */ = {isa = PBXBuildFile; fileRef = 6A15C87A8521407F93859A4E /* NotificationService.h */; };
		965DE0425E9F42B4BA188C2D /* OneSignalNotificationServiceExtension.entitlements in Resources */ = {isa = PBXBuildFile; fileRef = 6BBC6379DBD24B42863B4D13 /* OneSignalNotificationServiceExtension.entitlements */; };
		B1E33265CF834877A81D1541 /* OneSignalNotificationServiceExtension-Info.plist in Resources */ = {isa = PBXBuildFile; fileRef = 276E13B0702342F9AC74E6E2 /* OneSignalNotificationServiceExtension-Info.plist */; };
		F0910A9CE11D414F9696EBF4 /* NotificationService.m in Sources */ = {isa = PBXBuildFile; fileRef = BF3DC30D104642AE9E0CC065 /* NotificationService.m */; };
		A19A7DE05603471BBC70EAA0 /* OneSignalNotificationServiceExtension.appex in Copy Files */ = {isa = PBXBuildFile; fileRef = F4621AC980B6477D81534790 /* OneSignalNotificationServiceExtension.appex */; };
		AFD6DA2FBE71457F842614AD /* OneSignalNotificationServiceExtension.appex in Copy Files */ = {isa = PBXBuildFile; fileRef = 968B5560426B4EE6958F6EE0 /* OneSignalNotificationServiceExtension.appex */; };
		576684B84A0A4FAC90E55B83 /* OneSignalNotificationServiceExtension.appex in Copy Files */ = {isa = PBXBuildFile; fileRef = 25CF1B7B4789407CB180AD6B /* OneSignalNotificationServiceExtension.appex */; };
		5BB0A3EC5BBD4A748DD1CDE7 /* OneSignalNotificationServiceExtension.appex in Copy Files */ = {isa = PBXBuildFile; fileRef = BAB97BA5979E447290E5A09F /* OneSignalNotificationServiceExtension.appex */; };
		D1B57754A46C426E872F213B /* OneSignalNotificationServiceExtension.appex in Copy Files */ = {isa = PBXBuildFile; fileRef = 5B5F2E2DC72045C5A4141097 /* OneSignalNotificationServiceExtension.appex */; };
		BAB530003BB343AE82D5B26B /* OneSignalNotificationServiceExtension.appex in Copy Files */ = {isa = PBXBuildFile; fileRef = 987D0103127646118D68CCC9 /* OneSignalNotificationServiceExtension.appex */; };
/* End PBXBuildFile section */

/* Begin PBXFileReference section */
		13B07F961A680F5B00A75B9A /* nurseapp.app */ = {isa = PBXFileReference; explicitFileType = wrapper.application; includeInIndex = 0; path = nurseapp.app; sourceTree = BUILT_PRODUCTS_DIR; };
		13B07FAF1A68108700A75B9A /* AppDelegate.h */ = {isa = PBXFileReference; fileEncoding = 4; lastKnownFileType = sourcecode.c.h; name = AppDelegate.h; path = nurseapp/AppDelegate.h; sourceTree = "<group>"; };
		13B07FB01A68108700A75B9A /* AppDelegate.mm */ = {isa = PBXFileReference; fileEncoding = 4; lastKnownFileType = sourcecode.cpp.objcpp; name = AppDelegate.mm; path = nurseapp/AppDelegate.mm; sourceTree = "<group>"; };
		13B07FB51A68108700A75B9A /* Images.xcassets */ = {isa = PBXFileReference; lastKnownFileType = folder.assetcatalog; name = Images.xcassets; path = nurseapp/Images.xcassets; sourceTree = "<group>"; };
		13B07FB61A68108700A75B9A /* Info.plist */ = {isa = PBXFileReference; fileEncoding = 4; lastKnownFileType = text.plist.xml; name = Info.plist; path = nurseapp/Info.plist; sourceTree = "<group>"; };
		13B07FB71A68108700A75B9A /* main.m */ = {isa = PBXFileReference; fileEncoding = 4; lastKnownFileType = sourcecode.c.objc; name = main.m; path = nurseapp/main.m; sourceTree = "<group>"; };
		58EEBF8E8E6FB1BC6CAF49B5 /* libPods-nurseapp.a */ = {isa = PBXFileReference; explicitFileType = archive.ar; includeInIndex = 0; path = "libPods-nurseapp.a"; sourceTree = BUILT_PRODUCTS_DIR; };
		6C2E3173556A471DD304B334 /* Pods-nurseapp.debug.xcconfig */ = {isa = PBXFileReference; includeInIndex = 1; lastKnownFileType = text.xcconfig; name = "Pods-nurseapp.debug.xcconfig"; path = "Target Support Files/Pods-nurseapp/Pods-nurseapp.debug.xcconfig"; sourceTree = "<group>"; };
		7A4D352CD337FB3A3BF06240 /* Pods-nurseapp.release.xcconfig */ = {isa = PBXFileReference; includeInIndex = 1; lastKnownFileType = text.xcconfig; name = "Pods-nurseapp.release.xcconfig"; path = "Target Support Files/Pods-nurseapp/Pods-nurseapp.release.xcconfig"; sourceTree = "<group>"; };
		AA286B85B6C04FC6940260E9 /* SplashScreen.storyboard */ = {isa = PBXFileReference; fileEncoding = 4; lastKnownFileType = file.storyboard; name = SplashScreen.storyboard; path = nurseapp/SplashScreen.storyboard; sourceTree = "<group>"; };
		BB2F792C24A3F905000567C9 /* Expo.plist */ = {isa = PBXFileReference; fileEncoding = 4; lastKnownFileType = text.plist.xml; path = Expo.plist; sourceTree = "<group>"; };
		ED297162215061F000B7C4FE /* JavaScriptCore.framework */ = {isa = PBXFileReference; lastKnownFileType = wrapper.framework; name = JavaScriptCore.framework; path = System/Library/Frameworks/JavaScriptCore.framework; sourceTree = SDKROOT; };
		FAC715A2D49A985799AEE119 /* ExpoModulesProvider.swift */ = {isa = PBXFileReference; includeInIndex = 1; lastKnownFileType = sourcecode.swift; name = ExpoModulesProvider.swift; path = "Pods/Target Support Files/Pods-nurseapp/ExpoModulesProvider.swift"; sourceTree = "<group>"; };
		457A7CDAC7894C2AB8ACE710 /* noop-file.swift */ = {isa = PBXFileReference; name = "noop-file.swift"; path = "nurseapp/noop-file.swift"; sourceTree = "<group>"; fileEncoding = 4; lastKnownFileType = sourcecode.swift; explicitFileType = undefined; includeInIndex = 0; };
		089BCC876B8B48298BD10679 /* nurseapp-Bridging-Header.h */ = {isa = PBXFileReference; name = "nurseapp-Bridging-Header.h"; path = "nurseapp/nurseapp-Bridging-Header.h"; sourceTree = "<group>"; fileEncoding = 4; lastKnownFileType = sourcecode.c.h; explicitFileType = undefined; includeInIndex = 0; };
		6A15C87A8521407F93859A4E /* NotificationService.h */ = {isa = PBXFileReference; name = "NotificationService.h"; path = "NotificationService.h"; sourceTree = "<group>"; fileEncoding = 4; lastKnownFileType = sourcecode.c.h; explicitFileType = undefined; includeInIndex = 0; };
		6BBC6379DBD24B42863B4D13 /* OneSignalNotificationServiceExtension.entitlements */ = {isa = PBXFileReference; name = "OneSignalNotificationServiceExtension.entitlements"; path = "OneSignalNotificationServiceExtension.entitlements"; sourceTree = "<group>"; fileEncoding = undefined; lastKnownFileType = unknown; explicitFileType = undefined; includeInIndex = 0; };
		276E13B0702342F9AC74E6E2 /* OneSignalNotificationServiceExtension-Info.plist */ = {isa = PBXFileReference; name = "OneSignalNotificationServiceExtension-Info.plist"; path = "OneSignalNotificationServiceExtension-Info.plist"; sourceTree = "<group>"; fileEncoding = 4; lastKnownFileType = text.plist.xml; explicitFileType = undefined; includeInIndex = 0; };
		BF3DC30D104642AE9E0CC065 /* NotificationService.m */ = {isa = PBXFileReference; name = "NotificationService.m"; path = "NotificationService.m"; sourceTree = "<group>"; fileEncoding = 4; lastKnownFileType = sourcecode.c.objc; explicitFileType = undefined; includeInIndex = 0; };
		F4621AC980B6477D81534790 /* OneSignalNotificationServiceExtension.appex */ = {isa = PBXFileReference; name = "OneSignalNotificationServiceExtension.appex"; path = "OneSignalNotificationServiceExtension.appex"; sourceTree = BUILT_PRODUCTS_DIR; fileEncoding = undefined; lastKnownFileType = undefined; explicitFileType = "wrapper.app-extension"; includeInIndex = 0; };
		968B5560426B4EE6958F6EE0 /* OneSignalNotificationServiceExtension.appex */ = {isa = PBXFileReference; name = "OneSignalNotificationServiceExtension.appex"; path = "OneSignalNotificationServiceExtension.appex"; sourceTree = BUILT_PRODUCTS_DIR; fileEncoding = undefined; lastKnownFileType = undefined; explicitFileType = "wrapper.app-extension"; includeInIndex = 0; };
		25CF1B7B4789407CB180AD6B /* OneSignalNotificationServiceExtension.appex */ = {isa = PBXFileReference; name = "OneSignalNotificationServiceExtension.appex"; path = "OneSignalNotificationServiceExtension.appex"; sourceTree = BUILT_PRODUCTS_DIR; fileEncoding = undefined; lastKnownFileType = undefined; explicitFileType = "wrapper.app-extension"; includeInIndex = 0; };
		BAB97BA5979E447290E5A09F /* OneSignalNotificationServiceExtension.appex */ = {isa = PBXFileReference; name = "OneSignalNotificationServiceExtension.appex"; path = "OneSignalNotificationServiceExtension.appex"; sourceTree = BUILT_PRODUCTS_DIR; fileEncoding = undefined; lastKnownFileType = undefined; explicitFileType = "wrapper.app-extension"; includeInIndex = 0; };
		5B5F2E2DC72045C5A4141097 /* OneSignalNotificationServiceExtension.appex */ = {isa = PBXFileReference; name = "OneSignalNotificationServiceExtension.appex"; path = "OneSignalNotificationServiceExtension.appex"; sourceTree = BUILT_PRODUCTS_DIR; fileEncoding = undefined; lastKnownFileType = undefined; explicitFileType = "wrapper.app-extension"; includeInIndex = 0; };
		987D0103127646118D68CCC9 /* OneSignalNotificationServiceExtension.appex */ = {isa = PBXFileReference; name = "OneSignalNotificationServiceExtension.appex"; path = "OneSignalNotificationServiceExtension.appex"; sourceTree = BUILT_PRODUCTS_DIR; fileEncoding = undefined; lastKnownFileType = undefined; explicitFileType = "wrapper.app-extension"; includeInIndex = 0; };
/* End PBXFileReference section */

/* Begin PBXFrameworksBuildPhase section */
		13B07F8C1A680F5B00A75B9A /* Frameworks */ = {
			isa = PBXFrameworksBuildPhase;
			buildActionMask = 2147483647;
			files = (
				96905EF65AED1B983A6B3ABC /* libPods-nurseapp.a in Frameworks */,
			);
			runOnlyForDeploymentPostprocessing = 0;
		};
		FBA41119A87C4C9881F89731 /* Frameworks */ = {
			isa = PBXFrameworksBuildPhase;
			buildActionMask = 2147483647;
			files = (
			);
			runOnlyForDeploymentPostprocessing = 0;
		};
		D2313077B3244DC7AFB9FB58 /* Frameworks */ = {
			isa = PBXFrameworksBuildPhase;
			buildActionMask = 2147483647;
			files = (
			);
			runOnlyForDeploymentPostprocessing = 0;
		};
		812CC977DF38419EB2E39C4F /* Frameworks */ = {
			isa = PBXFrameworksBuildPhase;
			buildActionMask = 2147483647;
			files = (
			);
			runOnlyForDeploymentPostprocessing = 0;
		};
		E1304F103BFB4FE7931B1AF4 /* Frameworks */ = {
			isa = PBXFrameworksBuildPhase;
			buildActionMask = 2147483647;
			files = (
			);
			runOnlyForDeploymentPostprocessing = 0;
		};
		D207F8645C184C44BDC0ADF6 /* Frameworks */ = {
			isa = PBXFrameworksBuildPhase;
			buildActionMask = 2147483647;
			files = (
			);
			runOnlyForDeploymentPostprocessing = 0;
		};
		133B4024C2B440AEAA8E96C9 /* Frameworks */ = {
			isa = PBXFrameworksBuildPhase;
			buildActionMask = 2147483647;
			files = (
			);
			runOnlyForDeploymentPostprocessing = 0;
		};
/* End PBXFrameworksBuildPhase section */

/* Begin PBXGroup section */
		13B07FAE1A68108700A75B9A /* nurseapp */ = {
			isa = PBXGroup;
			children = (
				BB2F792B24A3F905000567C9 /* Supporting */,
				13B07FAF1A68108700A75B9A /* AppDelegate.h */,
				13B07FB01A68108700A75B9A /* AppDelegate.mm */,
				13B07FB51A68108700A75B9A /* Images.xcassets */,
				13B07FB61A68108700A75B9A /* Info.plist */,
				13B07FB71A68108700A75B9A /* main.m */,
				AA286B85B6C04FC6940260E9 /* SplashScreen.storyboard */,
				457A7CDAC7894C2AB8ACE710 /* noop-file.swift */,
				089BCC876B8B48298BD10679 /* nurseapp-Bridging-Header.h */,
			);
			name = nurseapp;
			sourceTree = "<group>";
		};
		2D16E6871FA4F8E400B85C8A /* Frameworks */ = {
			isa = PBXGroup;
			children = (
				ED297162215061F000B7C4FE /* JavaScriptCore.framework */,
				58EEBF8E8E6FB1BC6CAF49B5 /* libPods-nurseapp.a */,
			);
			name = Frameworks;
			sourceTree = "<group>";
		};
		832341AE1AAA6A7D00B99B32 /* Libraries */ = {
			isa = PBXGroup;
			children = (
			);
			name = Libraries;
			sourceTree = "<group>";
		};
		83CBB9F61A601CBA00E9B192 = {
			isa = PBXGroup;
			children = (
				13B07FAE1A68108700A75B9A /* nurseapp */,
				832341AE1AAA6A7D00B99B32 /* Libraries */,
				83CBBA001A601CBA00E9B192 /* Products */,
				2D16E6871FA4F8E400B85C8A /* Frameworks */,
				D65327D7A22EEC0BE12398D9 /* Pods */,
				D7E4C46ADA2E9064B798F356 /* ExpoModulesProviders */,
				E83168C1D834425E93E6FFA9 /* OneSignalNotificationServiceExtension */,
				F60C6D0D1E054C979E35D192 /* OneSignalNotificationServiceExtension */,
				F49C6C46BCE148D68AD4445E /* OneSignalNotificationServiceExtension */,
				BB9663D28B1E4FC7AF8F4BBD /* OneSignalNotificationServiceExtension */,
				9749AEF9C2D944D88FC42E1A /* OneSignalNotificationServiceExtension */,
				2A04EE6521064DE3BC7D2397 /* OneSignalNotificationServiceExtension */,
			);
			indentWidth = 2;
			sourceTree = "<group>";
			tabWidth = 2;
			usesTabs = 0;
		};
		83CBBA001A601CBA00E9B192 /* Products */ = {
			isa = PBXGroup;
			children = (
				13B07F961A680F5B00A75B9A /* nurseapp.app */,
				F4621AC980B6477D81534790 /* OneSignalNotificationServiceExtension.appex */,
				968B5560426B4EE6958F6EE0 /* OneSignalNotificationServiceExtension.appex */,
				25CF1B7B4789407CB180AD6B /* OneSignalNotificationServiceExtension.appex */,
				BAB97BA5979E447290E5A09F /* OneSignalNotificationServiceExtension.appex */,
				5B5F2E2DC72045C5A4141097 /* OneSignalNotificationServiceExtension.appex */,
				987D0103127646118D68CCC9 /* OneSignalNotificationServiceExtension.appex */,
			);
			name = Products;
			sourceTree = "<group>";
		};
		92DBD88DE9BF7D494EA9DA96 /* nurseapp */ = {
			isa = PBXGroup;
			children = (
				FAC715A2D49A985799AEE119 /* ExpoModulesProvider.swift */,
			);
			name = nurseapp;
			sourceTree = "<group>";
		};
		BB2F792B24A3F905000567C9 /* Supporting */ = {
			isa = PBXGroup;
			children = (
				BB2F792C24A3F905000567C9 /* Expo.plist */,
			);
			name = Supporting;
			path = nurseapp/Supporting;
			sourceTree = "<group>";
		};
		D65327D7A22EEC0BE12398D9 /* Pods */ = {
			isa = PBXGroup;
			children = (
				6C2E3173556A471DD304B334 /* Pods-nurseapp.debug.xcconfig */,
				7A4D352CD337FB3A3BF06240 /* Pods-nurseapp.release.xcconfig */,
				E83168C1D834425E93E6FFA9 /* OneSignalNotificationServiceExtension */,
				F60C6D0D1E054C979E35D192 /* OneSignalNotificationServiceExtension */,
				F49C6C46BCE148D68AD4445E /* OneSignalNotificationServiceExtension */,
				BB9663D28B1E4FC7AF8F4BBD /* OneSignalNotificationServiceExtension */,
				9749AEF9C2D944D88FC42E1A /* OneSignalNotificationServiceExtension */,
				2A04EE6521064DE3BC7D2397 /* OneSignalNotificationServiceExtension */,
			);
			path = Pods;
			sourceTree = "<group>";
		};
		D7E4C46ADA2E9064B798F356 /* ExpoModulesProviders */ = {
			isa = PBXGroup;
			children = (
				92DBD88DE9BF7D494EA9DA96 /* nurseapp */,
			);
			name = ExpoModulesProviders;
			sourceTree = "<group>";
		};
		E83168C1D834425E93E6FFA9 /* OneSignalNotificationServiceExtension */ = {
			isa = PBXGroup;
			children = (
				6A15C87A8521407F93859A4E /* NotificationService.h */,
				6BBC6379DBD24B42863B4D13 /* OneSignalNotificationServiceExtension.entitlements */,
				276E13B0702342F9AC74E6E2 /* OneSignalNotificationServiceExtension-Info.plist */,
				BF3DC30D104642AE9E0CC065 /* NotificationService.m */,
			);
			name = OneSignalNotificationServiceExtension;
			path = OneSignalNotificationServiceExtension;
			sourceTree = "<group>";
		};
		F60C6D0D1E054C979E35D192 /* OneSignalNotificationServiceExtension */ = {
			isa = PBXGroup;
			children = (
				6A15C87A8521407F93859A4E /* NotificationService.h */,
				6BBC6379DBD24B42863B4D13 /* OneSignalNotificationServiceExtension.entitlements */,
				276E13B0702342F9AC74E6E2 /* OneSignalNotificationServiceExtension-Info.plist */,
				BF3DC30D104642AE9E0CC065 /* NotificationService.m */,
			);
			name = OneSignalNotificationServiceExtension;
			path = OneSignalNotificationServiceExtension;
			sourceTree = "<group>";
		};
		F49C6C46BCE148D68AD4445E /* OneSignalNotificationServiceExtension */ = {
			isa = PBXGroup;
			children = (
				6A15C87A8521407F93859A4E /* NotificationService.h */,
				6BBC6379DBD24B42863B4D13 /* OneSignalNotificationServiceExtension.entitlements */,
				276E13B0702342F9AC74E6E2 /* OneSignalNotificationServiceExtension-Info.plist */,
				BF3DC30D104642AE9E0CC065 /* NotificationService.m */,
			);
			name = OneSignalNotificationServiceExtension;
			path = OneSignalNotificationServiceExtension;
			sourceTree = "<group>";
		};
		BB9663D28B1E4FC7AF8F4BBD /* OneSignalNotificationServiceExtension */ = {
			isa = PBXGroup;
			children = (
				6A15C87A8521407F93859A4E /* NotificationService.h */,
				6BBC6379DBD24B42863B4D13 /* OneSignalNotificationServiceExtension.entitlements */,
				276E13B0702342F9AC74E6E2 /* OneSignalNotificationServiceExtension-Info.plist */,
				BF3DC30D104642AE9E0CC065 /* NotificationService.m */,
			);
			name = OneSignalNotificationServiceExtension;
			path = OneSignalNotificationServiceExtension;
			sourceTree = "<group>";
		};
		9749AEF9C2D944D88FC42E1A /* OneSignalNotificationServiceExtension */ = {
			isa = PBXGroup;
			children = (
				6A15C87A8521407F93859A4E /* NotificationService.h */,
				6BBC6379DBD24B42863B4D13 /* OneSignalNotificationServiceExtension.entitlements */,
				276E13B0702342F9AC74E6E2 /* OneSignalNotificationServiceExtension-Info.plist */,
				BF3DC30D104642AE9E0CC065 /* NotificationService.m */,
			);
			name = OneSignalNotificationServiceExtension;
			path = OneSignalNotificationServiceExtension;
			sourceTree = "<group>";
		};
		2A04EE6521064DE3BC7D2397 /* OneSignalNotificationServiceExtension */ = {
			isa = PBXGroup;
			children = (
				6A15C87A8521407F93859A4E /* NotificationService.h */,
				6BBC6379DBD24B42863B4D13 /* OneSignalNotificationServiceExtension.entitlements */,
				276E13B0702342F9AC74E6E2 /* OneSignalNotificationServiceExtension-Info.plist */,
				BF3DC30D104642AE9E0CC065 /* NotificationService.m */,
			);
			name = OneSignalNotificationServiceExtension;
			path = OneSignalNotificationServiceExtension;
			sourceTree = "<group>";
		};
/* End PBXGroup section */

/* Begin PBXNativeTarget section */
		13B07F861A680F5B00A75B9A /* nurseapp */ = {
			isa = PBXNativeTarget;
			buildConfigurationList = 13B07F931A680F5B00A75B9A /* Build configuration list for PBXNativeTarget "nurseapp" */;
			buildPhases = (
				08A4A3CD28434E44B6B9DE2E /* [CP] Check Pods Manifest.lock */,
				13B07F871A680F5B00A75B9A /* Sources */,
				13B07F8C1A680F5B00A75B9A /* Frameworks */,
				13B07F8E1A680F5B00A75B9A /* Resources */,
				00DD1BFF1BD5951E006B06BC /* Bundle React Native code and images */,
				800E24972A6A228C8D4807E9 /* [CP] Copy Pods Resources */,
				6DB7A0FC9F3346B18B1B69CB /* Copy Files */,
				1CC4DBC69A3449BA903DADAB /* Copy Files */,
				4CE5F17F009B49919FBD7673 /* Copy Files */,
				0BD7124654E648ECBCA944CA /* Copy Files */,
				F036997BFCC64311969493B9 /* Copy Files */,
				CAAB04A4339B40AEAD491E39 /* Copy Files */,
			);
			buildRules = (
			);
			dependencies = (
				4304675E693742F19716B7EB /* PBXTargetDependency */,
				3B9A59404B724E698B46AAAE /* PBXTargetDependency */,
				3CE8483D86B24430BE9D43C6 /* PBXTargetDependency */,
				E775679AB06D403FAF08F300 /* PBXTargetDependency */,
				D92F6BC98D504DE391243765 /* PBXTargetDependency */,
				F656ED63A3D54C36A9FD4C4F /* PBXTargetDependency */,
			);
			name = nurseapp;
			productName = nurseapp;
			productReference = 13B07F961A680F5B00A75B9A /* nurseapp.app */;
			productType = "com.apple.product-type.application";
		};
		2118AA44D9FB4B6AB19469A0 /* "OneSignalNotificationServiceExtension" */ = {
			isa = PBXNativeTarget;
			name = "OneSignalNotificationServiceExtension";
			productName = "OneSignalNotificationServiceExtension";
			productReference = F4621AC980B6477D81534790;
			productType = "com.apple.product-type.app-extension";
			buildConfigurationList = 7D42DA5EEF744206AC8131B4;
			buildPhases = (
				9A2A4D467AA841EAAB7063C8 /* Sources */,
				3EFBC211E61E4D279CD1E74F /* Resources */,
				FBA41119A87C4C9881F89731 /* Frameworks */,
			);
			buildRules = (
			);
			dependencies = (
			);
		};
		277FCF18A4C740409CD9C57E /* "OneSignalNotificationServiceExtension" */ = {
			isa = PBXNativeTarget;
			name = "OneSignalNotificationServiceExtension";
			productName = "OneSignalNotificationServiceExtension";
			productReference = 968B5560426B4EE6958F6EE0;
			productType = "com.apple.product-type.app-extension";
			buildConfigurationList = 2CE4B4268BEA45E1BF9EF39A;
			buildPhases = (
				132575BC2ED84B52B82BF7C4 /* Sources */,
				644269E8034A4791BBF8F028 /* Resources */,
				D2313077B3244DC7AFB9FB58 /* Frameworks */,
			);
			buildRules = (
			);
			dependencies = (
			);
		};
		6BCB731931974EC7AF820D11 /* "OneSignalNotificationServiceExtension" */ = {
			isa = PBXNativeTarget;
			name = "OneSignalNotificationServiceExtension";
			productName = "OneSignalNotificationServiceExtension";
			productReference = 25CF1B7B4789407CB180AD6B;
			productType = "com.apple.product-type.app-extension";
			buildConfigurationList = 03E653A9A4B345FB8956ED65;
			buildPhases = (
				0FD78FE89A2049B89D5D8821 /* Sources */,
				8A40B421C4804A2DB74C1082 /* Resources */,
				812CC977DF38419EB2E39C4F /* Frameworks */,
			);
			buildRules = (
			);
			dependencies = (
			);
		};
		619C68850CF64FD7AEA20F41 /* "OneSignalNotificationServiceExtension" */ = {
			isa = PBXNativeTarget;
			name = "OneSignalNotificationServiceExtension";
			productName = "OneSignalNotificationServiceExtension";
			productReference = BAB97BA5979E447290E5A09F;
			productType = "com.apple.product-type.app-extension";
			buildConfigurationList = 490482D5779149EFACC7B9E1;
			buildPhases = (
				BA49DD17A6C14B5AA0CF80CB /* Sources */,
				4876FB91C66A4CB4ACEDF146 /* Resources */,
				E1304F103BFB4FE7931B1AF4 /* Frameworks */,
			);
			buildRules = (
			);
			dependencies = (
			);
		};
		13FF5C2436404B5B930DC984 /* "OneSignalNotificationServiceExtension" */ = {
			isa = PBXNativeTarget;
			name = "OneSignalNotificationServiceExtension";
			productName = "OneSignalNotificationServiceExtension";
			productReference = 5B5F2E2DC72045C5A4141097;
			productType = "com.apple.product-type.app-extension";
			buildConfigurationList = 488A57A96F5B40829489FC46;
			buildPhases = (
				2A59F77592434B9E8D094DFF /* Sources */,
				4ABCCEC6AE3F43FF82C0E910 /* Resources */,
				D207F8645C184C44BDC0ADF6 /* Frameworks */,
			);
			buildRules = (
			);
			dependencies = (
			);
		};
		8E8F9B29706B459DA7682BAE /* "OneSignalNotificationServiceExtension" */ = {
			isa = PBXNativeTarget;
			name = "OneSignalNotificationServiceExtension";
			productName = "OneSignalNotificationServiceExtension";
			productReference = 987D0103127646118D68CCC9;
			productType = "com.apple.product-type.app-extension";
			buildConfigurationList = F709D78E299F4943BA6A48A2;
			buildPhases = (
				D4F503C45E824ED0B78E475E /* Sources */,
				D0F745B023F14F0BBDD3E8ED /* Resources */,
				133B4024C2B440AEAA8E96C9 /* Frameworks */,
			);
			buildRules = (
			);
			dependencies = (
			);
		};
/* End PBXNativeTarget section */

/* Begin PBXProject section */
		83CBB9F71A601CBA00E9B192 /* Project object */ = {
			isa = PBXProject;
			attributes = {
				LastUpgradeCheck = 1130;
				TargetAttributes = {
					13B07F861A680F5B00A75B9A = {
						LastSwiftMigration = 1250;
						DevelopmentTeam = undefined;
					};
					2118AA44D9FB4B6AB19469A0 = {
						DevelopmentTeam = undefined;
					};
					277FCF18A4C740409CD9C57E = {
						DevelopmentTeam = undefined;
					};
					6BCB731931974EC7AF820D11 = {
						DevelopmentTeam = undefined;
					};
					619C68850CF64FD7AEA20F41 = {
						DevelopmentTeam = undefined;
					};
					13FF5C2436404B5B930DC984 = {
						DevelopmentTeam = undefined;
					};
					8E8F9B29706B459DA7682BAE = {
						DevelopmentTeam = undefined;
					};
				};
			};
			buildConfigurationList = 83CBB9FA1A601CBA00E9B192 /* Build configuration list for PBXProject "nurseapp" */;
			compatibilityVersion = "Xcode 3.2";
			developmentRegion = en;
			hasScannedForEncodings = 0;
			knownRegions = (
				en,
				Base,
			);
			mainGroup = 83CBB9F61A601CBA00E9B192;
			productRefGroup = 83CBBA001A601CBA00E9B192 /* Products */;
			projectDirPath = "";
			projectRoot = "";
			targets = (
				13B07F861A680F5B00A75B9A /* nurseapp */,
				2118AA44D9FB4B6AB19469A0 /* "OneSignalNotificationServiceExtension" */,
				277FCF18A4C740409CD9C57E /* "OneSignalNotificationServiceExtension" */,
				6BCB731931974EC7AF820D11 /* "OneSignalNotificationServiceExtension" */,
				619C68850CF64FD7AEA20F41 /* "OneSignalNotificationServiceExtension" */,
				13FF5C2436404B5B930DC984 /* "OneSignalNotificationServiceExtension" */,
				8E8F9B29706B459DA7682BAE /* "OneSignalNotificationServiceExtension" */,
			);
		};
/* End PBXProject section */

/* Begin PBXResourcesBuildPhase section */
		13B07F8E1A680F5B00A75B9A /* Resources */ = {
			isa = PBXResourcesBuildPhase;
			buildActionMask = 2147483647;
			files = (
				BB2F792D24A3F905000567C9 /* Expo.plist in Resources */,
				13B07FBF1A68108700A75B9A /* Images.xcassets in Resources */,
				3E461D99554A48A4959DE609 /* SplashScreen.storyboard in Resources */,
				2D30BAC75B4D4D42995DE4E1 /* nurseapp-Bridging-Header.h in Resources */,
			);
			runOnlyForDeploymentPostprocessing = 0;
		};
		3EFBC211E61E4D279CD1E74F /* Resources */ = {
			isa = PBXResourcesBuildPhase;
			buildActionMask = 2147483647;
			files = (
			);
			runOnlyForDeploymentPostprocessing = 0;
		};
		644269E8034A4791BBF8F028 /* Resources */ = {
			isa = PBXResourcesBuildPhase;
			buildActionMask = 2147483647;
			files = (
			);
			runOnlyForDeploymentPostprocessing = 0;
		};
		8A40B421C4804A2DB74C1082 /* Resources */ = {
			isa = PBXResourcesBuildPhase;
			buildActionMask = 2147483647;
			files = (
			);
			runOnlyForDeploymentPostprocessing = 0;
		};
		4876FB91C66A4CB4ACEDF146 /* Resources */ = {
			isa = PBXResourcesBuildPhase;
			buildActionMask = 2147483647;
			files = (
			);
			runOnlyForDeploymentPostprocessing = 0;
		};
		4ABCCEC6AE3F43FF82C0E910 /* Resources */ = {
			isa = PBXResourcesBuildPhase;
			buildActionMask = 2147483647;
			files = (
			);
			runOnlyForDeploymentPostprocessing = 0;
		};
		D0F745B023F14F0BBDD3E8ED /* Resources */ = {
			isa = PBXResourcesBuildPhase;
			buildActionMask = 2147483647;
			files = (
			);
			runOnlyForDeploymentPostprocessing = 0;
		};
/* End PBXResourcesBuildPhase section */

/* Begin PBXShellScriptBuildPhase section */
		00DD1BFF1BD5951E006B06BC /* Bundle React Native code and images */ = {
			isa = PBXShellScriptBuildPhase;
			alwaysOutOfDate = 1;
			buildActionMask = 2147483647;
			files = (
			);
			inputPaths = (
			);
			name = "Bundle React Native code and images";
			outputPaths = (
			);
			runOnlyForDeploymentPostprocessing = 0;
			shellPath = /bin/sh;
			shellScript = "if [[ -f \"$PODS_ROOT/../.xcode.env\" ]]; then\n  source \"$PODS_ROOT/../.xcode.env\"\nfi\nif [[ -f \"$PODS_ROOT/../.xcode.env.local\" ]]; then\n  source \"$PODS_ROOT/../.xcode.env.local\"\nfi\n\n# The project root by default is one level up from the ios directory\nexport PROJECT_ROOT=\"$PROJECT_DIR\"/..\n\nif [[ \"$CONFIGURATION\" = *Debug* ]]; then\n  export SKIP_BUNDLING=1\nfi\nif [[ -z \"$ENTRY_FILE\" ]]; then\n  # Set the entry JS file using the bundler's entry resolution.\n  export ENTRY_FILE=\"$(\"$NODE_BINARY\" -e \"require('expo/scripts/resolveAppEntry')\" \"$PROJECT_ROOT\" ios relative | tail -n 1)\"\nfi\n\nif [[ -z \"$CLI_PATH\" ]]; then\n  # Use Expo CLI\n  export CLI_PATH=\"$(\"$NODE_BINARY\" --print \"require.resolve('@expo/cli', { paths: [require.resolve('expo/package.json')] })\")\"\nfi\nif [[ -z \"$BUNDLE_COMMAND\" ]]; then\n  # Default Expo CLI command for bundling\n  export BUNDLE_COMMAND=\"export:embed\"\nfi\n\n# Source .xcode.env.updates if it exists to allow\n# SKIP_BUNDLING to be unset if needed\nif [[ -f \"$PODS_ROOT/../.xcode.env.updates\" ]]; then\n  source \"$PODS_ROOT/../.xcode.env.updates\"\nfi\n# Source local changes to allow overrides\n# if needed\nif [[ -f \"$PODS_ROOT/../.xcode.env.local\" ]]; then\n  source \"$PODS_ROOT/../.xcode.env.local\"\nfi\n\n`\"$NODE_BINARY\" --print \"require('path').dirname(require.resolve('react-native/package.json')) + '/scripts/react-native-xcode.sh'\"`\n\n";
		};
		08A4A3CD28434E44B6B9DE2E /* [CP] Check Pods Manifest.lock */ = {
			isa = PBXShellScriptBuildPhase;
			buildActionMask = 2147483647;
			files = (
			);
			inputFileListPaths = (
			);
			inputPaths = (
				"${PODS_PODFILE_DIR_PATH}/Podfile.lock",
				"${PODS_ROOT}/Manifest.lock",
			);
			name = "[CP] Check Pods Manifest.lock";
			outputFileListPaths = (
			);
			outputPaths = (
				"$(DERIVED_FILE_DIR)/Pods-nurseapp-checkManifestLockResult.txt",
			);
			runOnlyForDeploymentPostprocessing = 0;
			shellPath = /bin/sh;
			shellScript = "diff \"${PODS_PODFILE_DIR_PATH}/Podfile.lock\" \"${PODS_ROOT}/Manifest.lock\" > /dev/null\nif [ $? != 0 ] ; then\n    # print error to STDERR\n    echo \"error: The sandbox is not in sync with the Podfile.lock. Run 'pod install' or update your CocoaPods installation.\" >&2\n    exit 1\nfi\n# This output is used by Xcode 'outputs' to avoid re-running this script phase.\necho \"SUCCESS\" > \"${SCRIPT_OUTPUT_FILE_0}\"\n";
			showEnvVarsInLog = 0;
		};
		800E24972A6A228C8D4807E9 /* [CP] Copy Pods Resources */ = {
			isa = PBXShellScriptBuildPhase;
			buildActionMask = 2147483647;
			files = (
			);
			inputPaths = (
				"${PODS_ROOT}/Target Support Files/Pods-nurseapp/Pods-nurseapp-resources.sh",
				"${PODS_CONFIGURATION_BUILD_DIR}/EXConstants/EXConstants.bundle",
				"${PODS_CONFIGURATION_BUILD_DIR}/EXUpdates/EXUpdates.bundle",
				"${PODS_CONFIGURATION_BUILD_DIR}/React-Core/RCTI18nStrings.bundle",
			);
			name = "[CP] Copy Pods Resources";
			outputPaths = (
				"${TARGET_BUILD_DIR}/${UNLOCALIZED_RESOURCES_FOLDER_PATH}/EXConstants.bundle",
				"${TARGET_BUILD_DIR}/${UNLOCALIZED_RESOURCES_FOLDER_PATH}/EXUpdates.bundle",
				"${TARGET_BUILD_DIR}/${UNLOCALIZED_RESOURCES_FOLDER_PATH}/RCTI18nStrings.bundle",
			);
			runOnlyForDeploymentPostprocessing = 0;
			shellPath = /bin/sh;
			shellScript = "\"${PODS_ROOT}/Target Support Files/Pods-nurseapp/Pods-nurseapp-resources.sh\"\n";
			showEnvVarsInLog = 0;
		};
/* End PBXShellScriptBuildPhase section */

/* Begin PBXSourcesBuildPhase section */
		13B07F871A680F5B00A75B9A /* Sources */ = {
			isa = PBXSourcesBuildPhase;
			buildActionMask = 2147483647;
			files = (
				13B07FBC1A68108700A75B9A /* AppDelegate.mm in Sources */,
				13B07FC11A68108700A75B9A /* main.m in Sources */,
				B18059E884C0ABDD17F3DC3D /* ExpoModulesProvider.swift in Sources */,
				91EF9D6B05E9441081F82054 /* noop-file.swift in Sources */,
			);
			runOnlyForDeploymentPostprocessing = 0;
		};
		9A2A4D467AA841EAAB7063C8 /* Sources */ = {
			isa = PBXSourcesBuildPhase;
			buildActionMask = 2147483647;
			files = (
				F0910A9CE11D414F9696EBF4 /* "NotificationService.m" in Sources */,
			);
			runOnlyForDeploymentPostprocessing = 0;
		};
		132575BC2ED84B52B82BF7C4 /* Sources */ = {
			isa = PBXSourcesBuildPhase;
			buildActionMask = 2147483647;
			files = (
				F0910A9CE11D414F9696EBF4 /* "NotificationService.m" in Sources */,
			);
			runOnlyForDeploymentPostprocessing = 0;
		};
		0FD78FE89A2049B89D5D8821 /* Sources */ = {
			isa = PBXSourcesBuildPhase;
			buildActionMask = 2147483647;
			files = (
				F0910A9CE11D414F9696EBF4 /* "NotificationService.m" in Sources */,
			);
			runOnlyForDeploymentPostprocessing = 0;
		};
		BA49DD17A6C14B5AA0CF80CB /* Sources */ = {
			isa = PBXSourcesBuildPhase;
			buildActionMask = 2147483647;
			files = (
				F0910A9CE11D414F9696EBF4 /* "NotificationService.m" in Sources */,
			);
			runOnlyForDeploymentPostprocessing = 0;
		};
		2A59F77592434B9E8D094DFF /* Sources */ = {
			isa = PBXSourcesBuildPhase;
			buildActionMask = 2147483647;
			files = (
				F0910A9CE11D414F9696EBF4 /* "NotificationService.m" in Sources */,
			);
			runOnlyForDeploymentPostprocessing = 0;
		};
		D4F503C45E824ED0B78E475E /* Sources */ = {
			isa = PBXSourcesBuildPhase;
			buildActionMask = 2147483647;
			files = (
				F0910A9CE11D414F9696EBF4 /* "NotificationService.m" in Sources */,
			);
			runOnlyForDeploymentPostprocessing = 0;
		};
/* End PBXSourcesBuildPhase section */

/* Begin XCBuildConfiguration section */
		13B07F941A680F5B00A75B9A /* Debug */ = {
			isa = XCBuildConfiguration;
			baseConfigurationReference = 6C2E3173556A471DD304B334 /* Pods-nurseapp.debug.xcconfig */;
			buildSettings = {
				ASSETCATALOG_COMPILER_APPICON_NAME = AppIcon;
				CLANG_ENABLE_MODULES = YES;
				CURRENT_PROJECT_VERSION = 1;
				ENABLE_BITCODE = NO;
				GCC_PREPROCESSOR_DEFINITIONS = (
					"$(inherited)",
					"FB_SONARKIT_ENABLED=1",
				);
				INFOPLIST_FILE = nurseapp/Info.plist;
				IPHONEOS_DEPLOYMENT_TARGET = 13.4;
				LD_RUNPATH_SEARCH_PATHS = "$(inherited) @executable_path/Frameworks";
				MARKETING_VERSION = 1.0;
				OTHER_LDFLAGS = (
					"$(inherited)",
					"-ObjC",
					"-lc++",
				);
				PRODUCT_BUNDLE_IDENTIFIER = "com.sdrecruit.nurseapp";
				PRODUCT_NAME = "nurseapp";
				SWIFT_OPTIMIZATION_LEVEL = "-Onone";
				SWIFT_VERSION = 5.0;
				VERSIONING_SYSTEM = "apple-generic";
				TARGETED_DEVICE_FAMILY = "1,2";
				SWIFT_OBJC_BRIDGING_HEADER = nurseapp/nurseapp-Bridging-Header.h;
				CODE_SIGN_ENTITLEMENTS = nurseapp/nurseapp.entitlements;
			};
			name = Debug;
		};
		13B07F951A680F5B00A75B9A /* Release */ = {
			isa = XCBuildConfiguration;
			baseConfigurationReference = 7A4D352CD337FB3A3BF06240 /* Pods-nurseapp.release.xcconfig */;
			buildSettings = {
				ASSETCATALOG_COMPILER_APPICON_NAME = AppIcon;
				CLANG_ENABLE_MODULES = YES;
				CURRENT_PROJECT_VERSION = 1;
				INFOPLIST_FILE = nurseapp/Info.plist;
				IPHONEOS_DEPLOYMENT_TARGET = 13.4;
				LD_RUNPATH_SEARCH_PATHS = "$(inherited) @executable_path/Frameworks";
				MARKETING_VERSION = 1.0;
				OTHER_LDFLAGS = (
					"$(inherited)",
					"-ObjC",
					"-lc++",
				);
				PRODUCT_BUNDLE_IDENTIFIER = "com.sdrecruit.nurseapp";
				PRODUCT_NAME = "nurseapp";
				SWIFT_VERSION = 5.0;
				VERSIONING_SYSTEM = "apple-generic";
				TARGETED_DEVICE_FAMILY = "1,2";
				SWIFT_OBJC_BRIDGING_HEADER = nurseapp/nurseapp-Bridging-Header.h;
				CODE_SIGN_ENTITLEMENTS = nurseapp/nurseapp.entitlements;
			};
			name = Release;
		};
		83CBBA201A601CBA00E9B192 /* Debug */ = {
			isa = XCBuildConfiguration;
			buildSettings = {
				ALWAYS_SEARCH_USER_PATHS = NO;
				CLANG_ANALYZER_LOCALIZABILITY_NONLOCALIZED = YES;
				CLANG_CXX_LANGUAGE_STANDARD = "c++20";
				CLANG_CXX_LIBRARY = "libc++";
				CLANG_ENABLE_MODULES = YES;
				CLANG_ENABLE_OBJC_ARC = YES;
				CLANG_WARN_BLOCK_CAPTURE_AUTORELEASING = YES;
				CLANG_WARN_BOOL_CONVERSION = YES;
				CLANG_WARN_COMMA = YES;
				CLANG_WARN_CONSTANT_CONVERSION = YES;
				CLANG_WARN_DEPRECATED_OBJC_IMPLEMENTATIONS = YES;
				CLANG_WARN_DIRECT_OBJC_ISA_USAGE = YES_ERROR;
				CLANG_WARN_EMPTY_BODY = YES;
				CLANG_WARN_ENUM_CONVERSION = YES;
				CLANG_WARN_INFINITE_RECURSION = YES;
				CLANG_WARN_INT_CONVERSION = YES;
				CLANG_WARN_NON_LITERAL_NULL_CONVERSION = YES;
				CLANG_WARN_OBJC_IMPLICIT_RETAIN_SELF = YES;
				CLANG_WARN_OBJC_LITERAL_CONVERSION = YES;
				CLANG_WARN_OBJC_ROOT_CLASS = YES_ERROR;
				CLANG_WARN_RANGE_LOOP_ANALYSIS = YES;
				CLANG_WARN_STRICT_PROTOTYPES = YES;
				CLANG_WARN_SUSPICIOUS_MOVE = YES;
				CLANG_WARN_UNREACHABLE_CODE = YES;
				CLANG_WARN__DUPLICATE_METHOD_MATCH = YES;
				"CODE_SIGN_IDENTITY[sdk=iphoneos*]" = "iPhone Developer";
				COPY_PHASE_STRIP = NO;
				ENABLE_STRICT_OBJC_MSGSEND = YES;
				ENABLE_TESTABILITY = YES;
				GCC_C_LANGUAGE_STANDARD = gnu99;
				GCC_DYNAMIC_NO_PIC = NO;
				GCC_NO_COMMON_BLOCKS = YES;
				GCC_OPTIMIZATION_LEVEL = 0;
				GCC_PREPROCESSOR_DEFINITIONS = (
					"DEBUG=1",
					"$(inherited)",
				);
				GCC_SYMBOLS_PRIVATE_EXTERN = NO;
				GCC_WARN_64_TO_32_BIT_CONVERSION = YES;
				GCC_WARN_ABOUT_RETURN_TYPE = YES_ERROR;
				GCC_WARN_UNDECLARED_SELECTOR = YES;
				GCC_WARN_UNINITIALIZED_AUTOS = YES_AGGRESSIVE;
				GCC_WARN_UNUSED_FUNCTION = YES;
				GCC_WARN_UNUSED_VARIABLE = YES;
				IPHONEOS_DEPLOYMENT_TARGET = 13.4;
				LD_RUNPATH_SEARCH_PATHS = "/usr/lib/swift $(inherited)";
				LIBRARY_SEARCH_PATHS = "\"$(inherited)\"";
				MTL_ENABLE_DEBUG_INFO = YES;
				ONLY_ACTIVE_ARCH = YES;
				SDKROOT = iphoneos;
			};
			name = Debug;
		};
		83CBBA211A601CBA00E9B192 /* Release */ = {
			isa = XCBuildConfiguration;
			buildSettings = {
				ALWAYS_SEARCH_USER_PATHS = NO;
				CLANG_ANALYZER_LOCALIZABILITY_NONLOCALIZED = YES;
				CLANG_CXX_LANGUAGE_STANDARD = "c++20";
				CLANG_CXX_LIBRARY = "libc++";
				CLANG_ENABLE_MODULES = YES;
				CLANG_ENABLE_OBJC_ARC = YES;
				CLANG_WARN_BLOCK_CAPTURE_AUTORELEASING = YES;
				CLANG_WARN_BOOL_CONVERSION = YES;
				CLANG_WARN_COMMA = YES;
				CLANG_WARN_CONSTANT_CONVERSION = YES;
				CLANG_WARN_DEPRECATED_OBJC_IMPLEMENTATIONS = YES;
				CLANG_WARN_DIRECT_OBJC_ISA_USAGE = YES_ERROR;
				CLANG_WARN_EMPTY_BODY = YES;
				CLANG_WARN_ENUM_CONVERSION = YES;
				CLANG_WARN_INFINITE_RECURSION = YES;
				CLANG_WARN_INT_CONVERSION = YES;
				CLANG_WARN_NON_LITERAL_NULL_CONVERSION = YES;
				CLANG_WARN_OBJC_IMPLICIT_RETAIN_SELF = YES;
				CLANG_WARN_OBJC_LITERAL_CONVERSION = YES;
				CLANG_WARN_OBJC_ROOT_CLASS = YES_ERROR;
				CLANG_WARN_RANGE_LOOP_ANALYSIS = YES;
				CLANG_WARN_STRICT_PROTOTYPES = YES;
				CLANG_WARN_SUSPICIOUS_MOVE = YES;
				CLANG_WARN_UNREACHABLE_CODE = YES;
				CLANG_WARN__DUPLICATE_METHOD_MATCH = YES;
				"CODE_SIGN_IDENTITY[sdk=iphoneos*]" = "iPhone Developer";
				COPY_PHASE_STRIP = YES;
				ENABLE_NS_ASSERTIONS = NO;
				ENABLE_STRICT_OBJC_MSGSEND = YES;
				GCC_C_LANGUAGE_STANDARD = gnu99;
				GCC_NO_COMMON_BLOCKS = YES;
				GCC_WARN_64_TO_32_BIT_CONVERSION = YES;
				GCC_WARN_ABOUT_RETURN_TYPE = YES_ERROR;
				GCC_WARN_UNDECLARED_SELECTOR = YES;
				GCC_WARN_UNINITIALIZED_AUTOS = YES_AGGRESSIVE;
				GCC_WARN_UNUSED_FUNCTION = YES;
				GCC_WARN_UNUSED_VARIABLE = YES;
				IPHONEOS_DEPLOYMENT_TARGET = 13.4;
				LD_RUNPATH_SEARCH_PATHS = "/usr/lib/swift $(inherited)";
				LIBRARY_SEARCH_PATHS = "\"$(inherited)\"";
				MTL_ENABLE_DEBUG_INFO = NO;
				SDKROOT = iphoneos;
				VALIDATE_PRODUCT = YES;
			};
			name = Release;
		};
		4FEB67A21AFD4E10B852D8AB /* Debug */ = {
			name = Debug;
			isa = XCBuildConfiguration;
			buildSettings = {
				GCC_PREPROCESSOR_DEFINITIONS = (
					"DEBUG=1",
					"$(inherited)",
				);
				INFOPLIST_FILE = "OneSignalNotificationServiceExtension/OneSignalNotificationServiceExtension-Info.plist";
				LD_RUNPATH_SEARCH_PATHS = "$(inherited) @executable_path/Frameworks @executable_path/../../Frameworks";
				PRODUCT_NAME = "OneSignalNotificationServiceExtension";
				SKIP_INSTALL = YES;
				PRODUCT_BUNDLE_IDENTIFIER = "com.sdrecruit.nurseapp.OneSignalNotificationServiceExtension";
				DEVELOPMENT_TEAM = undefined;
				IPHONEOS_DEPLOYMENT_TARGET = 11.0;
				TARGETED_DEVICE_FAMILY = "1,2";
				CODE_SIGN_ENTITLEMENTS = OneSignalNotificationServiceExtension/OneSignalNotificationServiceExtension.entitlements;
				CODE_SIGN_STYLE = Automatic;
			};
		};
		D3A9C23C34A1420AB7C6BB43 /* Release */ = {
			name = Release;
			isa = XCBuildConfiguration;
			buildSettings = {
				INFOPLIST_FILE = "OneSignalNotificationServiceExtension/OneSignalNotificationServiceExtension-Info.plist";
				LD_RUNPATH_SEARCH_PATHS = "$(inherited) @executable_path/Frameworks @executable_path/../../Frameworks";
				PRODUCT_NAME = "OneSignalNotificationServiceExtension";
				SKIP_INSTALL = YES;
				PRODUCT_BUNDLE_IDENTIFIER = "com.sdrecruit.nurseapp.OneSignalNotificationServiceExtension";
				DEVELOPMENT_TEAM = undefined;
				IPHONEOS_DEPLOYMENT_TARGET = 11.0;
				TARGETED_DEVICE_FAMILY = "1,2";
				CODE_SIGN_ENTITLEMENTS = OneSignalNotificationServiceExtension/OneSignalNotificationServiceExtension.entitlements;
				CODE_SIGN_STYLE = Automatic;
			};
		};
		D18095C422824AC2B355586F /* Debug */ = {
			name = Debug;
			isa = XCBuildConfiguration;
			buildSettings = {
				GCC_PREPROCESSOR_DEFINITIONS = (
					"DEBUG=1",
					"$(inherited)",
				);
				INFOPLIST_FILE = "OneSignalNotificationServiceExtension/OneSignalNotificationServiceExtension-Info.plist";
				LD_RUNPATH_SEARCH_PATHS = "$(inherited) @executable_path/Frameworks @executable_path/../../Frameworks";
				PRODUCT_NAME = "OneSignalNotificationServiceExtension";
				SKIP_INSTALL = YES;
				PRODUCT_BUNDLE_IDENTIFIER = "com.sdrecruit.nurseapp.OneSignalNotificationServiceExtension";
				DEVELOPMENT_TEAM = undefined;
				IPHONEOS_DEPLOYMENT_TARGET = 11.0;
				TARGETED_DEVICE_FAMILY = "1,2";
				CODE_SIGN_ENTITLEMENTS = OneSignalNotificationServiceExtension/OneSignalNotificationServiceExtension.entitlements;
				CODE_SIGN_STYLE = Automatic;
			};
		};
		829E04104957408C8D29EBB8 /* Release */ = {
			name = Release;
			isa = XCBuildConfiguration;
			buildSettings = {
				INFOPLIST_FILE = "OneSignalNotificationServiceExtension/OneSignalNotificationServiceExtension-Info.plist";
				LD_RUNPATH_SEARCH_PATHS = "$(inherited) @executable_path/Frameworks @executable_path/../../Frameworks";
				PRODUCT_NAME = "OneSignalNotificationServiceExtension";
				SKIP_INSTALL = YES;
				PRODUCT_BUNDLE_IDENTIFIER = "com.sdrecruit.nurseapp.OneSignalNotificationServiceExtension";
				DEVELOPMENT_TEAM = undefined;
				IPHONEOS_DEPLOYMENT_TARGET = 11.0;
				TARGETED_DEVICE_FAMILY = "1,2";
				CODE_SIGN_ENTITLEMENTS = OneSignalNotificationServiceExtension/OneSignalNotificationServiceExtension.entitlements;
				CODE_SIGN_STYLE = Automatic;
			};
		};
		C36EEF6D4C0C4B93A19F0FE1 /* Debug */ = {
			name = Debug;
			isa = XCBuildConfiguration;
			buildSettings = {
				GCC_PREPROCESSOR_DEFINITIONS = (
					"DEBUG=1",
					"$(inherited)",
				);
				INFOPLIST_FILE = "OneSignalNotificationServiceExtension/OneSignalNotificationServiceExtension-Info.plist";
				LD_RUNPATH_SEARCH_PATHS = "$(inherited) @executable_path/Frameworks @executable_path/../../Frameworks";
				PRODUCT_NAME = "OneSignalNotificationServiceExtension";
				SKIP_INSTALL = YES;
				PRODUCT_BUNDLE_IDENTIFIER = "com.sdrecruit.nurseapp.OneSignalNotificationServiceExtension";
				DEVELOPMENT_TEAM = undefined;
				IPHONEOS_DEPLOYMENT_TARGET = 11.0;
				TARGETED_DEVICE_FAMILY = "1,2";
				CODE_SIGN_ENTITLEMENTS = OneSignalNotificationServiceExtension/OneSignalNotificationServiceExtension.entitlements;
				CODE_SIGN_STYLE = Automatic;
			};
		};
		2841A0F0CC504DE58AE9EAED /* Release */ = {
			name = Release;
			isa = XCBuildConfiguration;
			buildSettings = {
				INFOPLIST_FILE = "OneSignalNotificationServiceExtension/OneSignalNotificationServiceExtension-Info.plist";
				LD_RUNPATH_SEARCH_PATHS = "$(inherited) @executable_path/Frameworks @executable_path/../../Frameworks";
				PRODUCT_NAME = "OneSignalNotificationServiceExtension";
				SKIP_INSTALL = YES;
				PRODUCT_BUNDLE_IDENTIFIER = "com.sdrecruit.nurseapp.OneSignalNotificationServiceExtension";
				DEVELOPMENT_TEAM = undefined;
				IPHONEOS_DEPLOYMENT_TARGET = 11.0;
				TARGETED_DEVICE_FAMILY = "1,2";
				CODE_SIGN_ENTITLEMENTS = OneSignalNotificationServiceExtension/OneSignalNotificationServiceExtension.entitlements;
				CODE_SIGN_STYLE = Automatic;
			};
		};
		7626ED4506284F54AA93594F /* Debug */ = {
			name = Debug;
			isa = XCBuildConfiguration;
			buildSettings = {
				GCC_PREPROCESSOR_DEFINITIONS = (
					"DEBUG=1",
					"$(inherited)",
				);
				INFOPLIST_FILE = "OneSignalNotificationServiceExtension/OneSignalNotificationServiceExtension-Info.plist";
				LD_RUNPATH_SEARCH_PATHS = "$(inherited) @executable_path/Frameworks @executable_path/../../Frameworks";
				PRODUCT_NAME = "OneSignalNotificationServiceExtension";
				SKIP_INSTALL = YES;
				PRODUCT_BUNDLE_IDENTIFIER = "com.sdrecruit.nurseapp.OneSignalNotificationServiceExtension";
				DEVELOPMENT_TEAM = undefined;
				IPHONEOS_DEPLOYMENT_TARGET = 11.0;
				TARGETED_DEVICE_FAMILY = "1,2";
				CODE_SIGN_ENTITLEMENTS = OneSignalNotificationServiceExtension/OneSignalNotificationServiceExtension.entitlements;
				CODE_SIGN_STYLE = Automatic;
			};
		};
		50031465252F45E8BCFF9B22 /* Release */ = {
			name = Release;
			isa = XCBuildConfiguration;
			buildSettings = {
				INFOPLIST_FILE = "OneSignalNotificationServiceExtension/OneSignalNotificationServiceExtension-Info.plist";
				LD_RUNPATH_SEARCH_PATHS = "$(inherited) @executable_path/Frameworks @executable_path/../../Frameworks";
				PRODUCT_NAME = "OneSignalNotificationServiceExtension";
				SKIP_INSTALL = YES;
				PRODUCT_BUNDLE_IDENTIFIER = "com.sdrecruit.nurseapp.OneSignalNotificationServiceExtension";
				DEVELOPMENT_TEAM = undefined;
				IPHONEOS_DEPLOYMENT_TARGET = 11.0;
				TARGETED_DEVICE_FAMILY = "1,2";
				CODE_SIGN_ENTITLEMENTS = OneSignalNotificationServiceExtension/OneSignalNotificationServiceExtension.entitlements;
				CODE_SIGN_STYLE = Automatic;
			};
		};
		15F2A1601CA446F08A3A5A43 /* Debug */ = {
			name = Debug;
			isa = XCBuildConfiguration;
			buildSettings = {
				GCC_PREPROCESSOR_DEFINITIONS = (
					"DEBUG=1",
					"$(inherited)",
				);
				INFOPLIST_FILE = "OneSignalNotificationServiceExtension/OneSignalNotificationServiceExtension-Info.plist";
				LD_RUNPATH_SEARCH_PATHS = "$(inherited) @executable_path/Frameworks @executable_path/../../Frameworks";
				PRODUCT_NAME = "OneSignalNotificationServiceExtension";
				SKIP_INSTALL = YES;
				PRODUCT_BUNDLE_IDENTIFIER = "com.sdrecruit.nurseapp.OneSignalNotificationServiceExtension";
				DEVELOPMENT_TEAM = undefined;
				IPHONEOS_DEPLOYMENT_TARGET = 11.0;
				TARGETED_DEVICE_FAMILY = "1,2";
				CODE_SIGN_ENTITLEMENTS = OneSignalNotificationServiceExtension/OneSignalNotificationServiceExtension.entitlements;
				CODE_SIGN_STYLE = Automatic;
			};
		};
		A695E54FC1544CBE9983F000 /* Release */ = {
			name = Release;
			isa = XCBuildConfiguration;
			buildSettings = {
				INFOPLIST_FILE = "OneSignalNotificationServiceExtension/OneSignalNotificationServiceExtension-Info.plist";
				LD_RUNPATH_SEARCH_PATHS = "$(inherited) @executable_path/Frameworks @executable_path/../../Frameworks";
				PRODUCT_NAME = "OneSignalNotificationServiceExtension";
				SKIP_INSTALL = YES;
				PRODUCT_BUNDLE_IDENTIFIER = "com.sdrecruit.nurseapp.OneSignalNotificationServiceExtension";
				DEVELOPMENT_TEAM = undefined;
				IPHONEOS_DEPLOYMENT_TARGET = 11.0;
				TARGETED_DEVICE_FAMILY = "1,2";
				CODE_SIGN_ENTITLEMENTS = OneSignalNotificationServiceExtension/OneSignalNotificationServiceExtension.entitlements;
				CODE_SIGN_STYLE = Automatic;
			};
		};
		C0D6A3AF0B114AF3ABE649A9 /* Debug */ = {
			name = Debug;
			isa = XCBuildConfiguration;
			buildSettings = {
				GCC_PREPROCESSOR_DEFINITIONS = (
					"DEBUG=1",
					"$(inherited)",
				);
				INFOPLIST_FILE = "OneSignalNotificationServiceExtension/OneSignalNotificationServiceExtension-Info.plist";
				LD_RUNPATH_SEARCH_PATHS = "$(inherited) @executable_path/Frameworks @executable_path/../../Frameworks";
				PRODUCT_NAME = "OneSignalNotificationServiceExtension";
				SKIP_INSTALL = YES;
				PRODUCT_BUNDLE_IDENTIFIER = "com.sdrecruit.nurseapp.OneSignalNotificationServiceExtension";
				DEVELOPMENT_TEAM = undefined;
				IPHONEOS_DEPLOYMENT_TARGET = 11.0;
				TARGETED_DEVICE_FAMILY = "1,2";
				CODE_SIGN_ENTITLEMENTS = OneSignalNotificationServiceExtension/OneSignalNotificationServiceExtension.entitlements;
				CODE_SIGN_STYLE = Automatic;
			};
		};
		EA5B39639D2A43638225B89C /* Release */ = {
			name = Release;
			isa = XCBuildConfiguration;
			buildSettings = {
				INFOPLIST_FILE = "OneSignalNotificationServiceExtension/OneSignalNotificationServiceExtension-Info.plist";
				LD_RUNPATH_SEARCH_PATHS = "$(inherited) @executable_path/Frameworks @executable_path/../../Frameworks";
				PRODUCT_NAME = "OneSignalNotificationServiceExtension";
				SKIP_INSTALL = YES;
				PRODUCT_BUNDLE_IDENTIFIER = "com.sdrecruit.nurseapp.OneSignalNotificationServiceExtension";
				DEVELOPMENT_TEAM = undefined;
				IPHONEOS_DEPLOYMENT_TARGET = 11.0;
				TARGETED_DEVICE_FAMILY = "1,2";
				CODE_SIGN_ENTITLEMENTS = OneSignalNotificationServiceExtension/OneSignalNotificationServiceExtension.entitlements;
				CODE_SIGN_STYLE = Automatic;
			};
		};
/* End XCBuildConfiguration section */

/* Begin XCConfigurationList section */
		13B07F931A680F5B00A75B9A /* Build configuration list for PBXNativeTarget "nurseapp" */ = {
			isa = XCConfigurationList;
			buildConfigurations = (
				13B07F941A680F5B00A75B9A /* Debug */,
				13B07F951A680F5B00A75B9A /* Release */,
			);
			defaultConfigurationIsVisible = 0;
			defaultConfigurationName = Release;
		};
		83CBB9FA1A601CBA00E9B192 /* Build configuration list for PBXProject "nurseapp" */ = {
			isa = XCConfigurationList;
			buildConfigurations = (
				83CBBA201A601CBA00E9B192 /* Debug */,
				83CBBA211A601CBA00E9B192 /* Release */,
			);
			defaultConfigurationIsVisible = 0;
			defaultConfigurationName = Release;
		};
		7D42DA5EEF744206AC8131B4 /* Build configuration list for PBXNativeTarget "OneSignalNotificationServiceExtension" */ = {
			isa = XCConfigurationList;
			buildConfigurations = (
				4FEB67A21AFD4E10B852D8AB /* Debug */,
				D3A9C23C34A1420AB7C6BB43 /* Release */,
			);
			defaultConfigurationIsVisible = 0;
			defaultConfigurationName = Release;
		};
		2CE4B4268BEA45E1BF9EF39A /* Build configuration list for PBXNativeTarget "OneSignalNotificationServiceExtension" */ = {
			isa = XCConfigurationList;
			buildConfigurations = (
				D18095C422824AC2B355586F /* Debug */,
				829E04104957408C8D29EBB8 /* Release */,
			);
			defaultConfigurationIsVisible = 0;
			defaultConfigurationName = Release;
		};
		03E653A9A4B345FB8956ED65 /* Build configuration list for PBXNativeTarget "OneSignalNotificationServiceExtension" */ = {
			isa = XCConfigurationList;
			buildConfigurations = (
				C36EEF6D4C0C4B93A19F0FE1 /* Debug */,
				2841A0F0CC504DE58AE9EAED /* Release */,
			);
			defaultConfigurationIsVisible = 0;
			defaultConfigurationName = Release;
		};
		490482D5779149EFACC7B9E1 /* Build configuration list for PBXNativeTarget "OneSignalNotificationServiceExtension" */ = {
			isa = XCConfigurationList;
			buildConfigurations = (
				7626ED4506284F54AA93594F /* Debug */,
				50031465252F45E8BCFF9B22 /* Release */,
			);
			defaultConfigurationIsVisible = 0;
			defaultConfigurationName = Release;
		};
		488A57A96F5B40829489FC46 /* Build configuration list for PBXNativeTarget "OneSignalNotificationServiceExtension" */ = {
			isa = XCConfigurationList;
			buildConfigurations = (
				15F2A1601CA446F08A3A5A43 /* Debug */,
				A695E54FC1544CBE9983F000 /* Release */,
			);
			defaultConfigurationIsVisible = 0;
			defaultConfigurationName = Release;
		};
		F709D78E299F4943BA6A48A2 /* Build configuration list for PBXNativeTarget "OneSignalNotificationServiceExtension" */ = {
			isa = XCConfigurationList;
			buildConfigurations = (
				C0D6A3AF0B114AF3ABE649A9 /* Debug */,
				EA5B39639D2A43638225B89C /* Release */,
			);
			defaultConfigurationIsVisible = 0;
			defaultConfigurationName = Release;
		};
/* End XCConfigurationList section */

/* Begin PBXTargetDependency section */
		DF900CEE8B994DE1912FBB20 /* PBXContainerItemProxy */ = {
			isa = PBXContainerItemProxy;
			containerPortal = 83CBB9F71A601CBA00E9B192 /* Project object */;
			proxyType = 1;
			remoteGlobalIDString = 2118AA44D9FB4B6AB19469A0;
			remoteInfo = "OneSignalNotificationServiceExtension";
		};
		4304675E693742F19716B7EB /* PBXTargetDependency */ = {
			isa = PBXTargetDependency;
			target = 2118AA44D9FB4B6AB19469A0 /* "OneSignalNotificationServiceExtension" */;
			targetProxy = DF900CEE8B994DE1912FBB20 /* PBXContainerItemProxy */;
		};
		7CD26232AEC1443492AF6F3C /* PBXContainerItemProxy */ = {
			isa = PBXContainerItemProxy;
			containerPortal = 83CBB9F71A601CBA00E9B192 /* Project object */;
			proxyType = 1;
			remoteGlobalIDString = 277FCF18A4C740409CD9C57E;
			remoteInfo = "OneSignalNotificationServiceExtension";
		};
		3B9A59404B724E698B46AAAE /* PBXTargetDependency */ = {
			isa = PBXTargetDependency;
			target = 277FCF18A4C740409CD9C57E /* "OneSignalNotificationServiceExtension" */;
			targetProxy = 7CD26232AEC1443492AF6F3C /* PBXContainerItemProxy */;
		};
		1B26598FB892468889B74E35 /* PBXContainerItemProxy */ = {
			isa = PBXContainerItemProxy;
			containerPortal = 83CBB9F71A601CBA00E9B192 /* Project object */;
			proxyType = 1;
			remoteGlobalIDString = 6BCB731931974EC7AF820D11;
			remoteInfo = "OneSignalNotificationServiceExtension";
		};
		3CE8483D86B24430BE9D43C6 /* PBXTargetDependency */ = {
			isa = PBXTargetDependency;
			target = 6BCB731931974EC7AF820D11 /* "OneSignalNotificationServiceExtension" */;
			targetProxy = 1B26598FB892468889B74E35 /* PBXContainerItemProxy */;
		};
		70065E14FC7F4FFDAFA61225 /* PBXContainerItemProxy */ = {
			isa = PBXContainerItemProxy;
			containerPortal = 83CBB9F71A601CBA00E9B192 /* Project object */;
			proxyType = 1;
			remoteGlobalIDString = 619C68850CF64FD7AEA20F41;
			remoteInfo = "OneSignalNotificationServiceExtension";
		};
		E775679AB06D403FAF08F300 /* PBXTargetDependency */ = {
			isa = PBXTargetDependency;
			target = 619C68850CF64FD7AEA20F41 /* "OneSignalNotificationServiceExtension" */;
			targetProxy = 70065E14FC7F4FFDAFA61225 /* PBXContainerItemProxy */;
		};
		997D1CEE6152428C98A7D946 /* PBXContainerItemProxy */ = {
			isa = PBXContainerItemProxy;
			containerPortal = 83CBB9F71A601CBA00E9B192 /* Project object */;
			proxyType = 1;
			remoteGlobalIDString = 13FF5C2436404B5B930DC984;
			remoteInfo = "OneSignalNotificationServiceExtension";
		};
		D92F6BC98D504DE391243765 /* PBXTargetDependency */ = {
			isa = PBXTargetDependency;
			target = 13FF5C2436404B5B930DC984 /* "OneSignalNotificationServiceExtension" */;
			targetProxy = 997D1CEE6152428C98A7D946 /* PBXContainerItemProxy */;
		};
		DB37D8084C2D45CB948687A4 /* PBXContainerItemProxy */ = {
			isa = PBXContainerItemProxy;
			containerPortal = 83CBB9F71A601CBA00E9B192 /* Project object */;
			proxyType = 1;
			remoteGlobalIDString = 8E8F9B29706B459DA7682BAE;
			remoteInfo = "OneSignalNotificationServiceExtension";
		};
		F656ED63A3D54C36A9FD4C4F /* PBXTargetDependency */ = {
			isa = PBXTargetDependency;
			target = 8E8F9B29706B459DA7682BAE /* "OneSignalNotificationServiceExtension" */;
			targetProxy = DB37D8084C2D45CB948687A4 /* PBXContainerItemProxy */;
		};
/* End PBXTargetDependency section */

/* Begin PBXContainerItemProxy section */
		DF900CEE8B994DE1912FBB20 /* PBXContainerItemProxy */ = {
			isa = PBXContainerItemProxy;
			containerPortal = 83CBB9F71A601CBA00E9B192 /* Project object */;
			proxyType = 1;
			remoteGlobalIDString = 2118AA44D9FB4B6AB19469A0;
			remoteInfo = "OneSignalNotificationServiceExtension";
		};
		4304675E693742F19716B7EB /* PBXTargetDependency */ = {
			isa = PBXTargetDependency;
			target = 2118AA44D9FB4B6AB19469A0 /* "OneSignalNotificationServiceExtension" */;
			targetProxy = DF900CEE8B994DE1912FBB20 /* PBXContainerItemProxy */;
		};
		7CD26232AEC1443492AF6F3C /* PBXContainerItemProxy */ = {
			isa = PBXContainerItemProxy;
			containerPortal = 83CBB9F71A601CBA00E9B192 /* Project object */;
			proxyType = 1;
			remoteGlobalIDString = 277FCF18A4C740409CD9C57E;
			remoteInfo = "OneSignalNotificationServiceExtension";
		};
		3B9A59404B724E698B46AAAE /* PBXTargetDependency */ = {
			isa = PBXTargetDependency;
			target = 277FCF18A4C740409CD9C57E /* "OneSignalNotificationServiceExtension" */;
			targetProxy = 7CD26232AEC1443492AF6F3C /* PBXContainerItemProxy */;
		};
		1B26598FB892468889B74E35 /* PBXContainerItemProxy */ = {
			isa = PBXContainerItemProxy;
			containerPortal = 83CBB9F71A601CBA00E9B192 /* Project object */;
			proxyType = 1;
			remoteGlobalIDString = 6BCB731931974EC7AF820D11;
			remoteInfo = "OneSignalNotificationServiceExtension";
		};
		3CE8483D86B24430BE9D43C6 /* PBXTargetDependency */ = {
			isa = PBXTargetDependency;
			target = 6BCB731931974EC7AF820D11 /* "OneSignalNotificationServiceExtension" */;
			targetProxy = 1B26598FB892468889B74E35 /* PBXContainerItemProxy */;
		};
		70065E14FC7F4FFDAFA61225 /* PBXContainerItemProxy */ = {
			isa = PBXContainerItemProxy;
			containerPortal = 83CBB9F71A601CBA00E9B192 /* Project object */;
			proxyType = 1;
			remoteGlobalIDString = 619C68850CF64FD7AEA20F41;
			remoteInfo = "OneSignalNotificationServiceExtension";
		};
		E775679AB06D403FAF08F300 /* PBXTargetDependency */ = {
			isa = PBXTargetDependency;
			target = 619C68850CF64FD7AEA20F41 /* "OneSignalNotificationServiceExtension" */;
			targetProxy = 70065E14FC7F4FFDAFA61225 /* PBXContainerItemProxy */;
		};
		997D1CEE6152428C98A7D946 /* PBXContainerItemProxy */ = {
			isa = PBXContainerItemProxy;
			containerPortal = 83CBB9F71A601CBA00E9B192 /* Project object */;
			proxyType = 1;
			remoteGlobalIDString = 13FF5C2436404B5B930DC984;
			remoteInfo = "OneSignalNotificationServiceExtension";
		};
		D92F6BC98D504DE391243765 /* PBXTargetDependency */ = {
			isa = PBXTargetDependency;
			target = 13FF5C2436404B5B930DC984 /* "OneSignalNotificationServiceExtension" */;
			targetProxy = 997D1CEE6152428C98A7D946 /* PBXContainerItemProxy */;
		};
		DB37D8084C2D45CB948687A4 /* PBXContainerItemProxy */ = {
			isa = PBXContainerItemProxy;
			containerPortal = 83CBB9F71A601CBA00E9B192 /* Project object */;
			proxyType = 1;
			remoteGlobalIDString = 8E8F9B29706B459DA7682BAE;
			remoteInfo = "OneSignalNotificationServiceExtension";
		};
		F656ED63A3D54C36A9FD4C4F /* PBXTargetDependency */ = {
			isa = PBXTargetDependency;
			target = 8E8F9B29706B459DA7682BAE /* "OneSignalNotificationServiceExtension" */;
			targetProxy = DB37D8084C2D45CB948687A4 /* PBXContainerItemProxy */;
		};
/* End PBXContainerItemProxy section */

/* Begin PBXCopyFilesBuildPhase section */
		6DB7A0FC9F3346B18B1B69CB /* Copy Files */ = {
			isa = PBXCopyFilesBuildPhase;
			buildActionMask = 2147483647;
			files = (
				A19A7DE05603471BBC70EAA0 /* OneSignalNotificationServiceExtension.appex in Copy Files */,
				AFD6DA2FBE71457F842614AD /* OneSignalNotificationServiceExtension.appex in Copy Files */,
				576684B84A0A4FAC90E55B83 /* OneSignalNotificationServiceExtension.appex in Copy Files */,
				5BB0A3EC5BBD4A748DD1CDE7 /* OneSignalNotificationServiceExtension.appex in Copy Files */,
				D1B57754A46C426E872F213B /* OneSignalNotificationServiceExtension.appex in Copy Files */,
				BAB530003BB343AE82D5B26B /* OneSignalNotificationServiceExtension.appex in Copy Files */,
			);
			runOnlyForDeploymentPostprocessing = 0;
			name = "Copy Files";
			dstPath = "";
			dstSubfolderSpec = 13;
		};
		1CC4DBC69A3449BA903DADAB /* Copy Files */ = {
			isa = PBXCopyFilesBuildPhase;
			buildActionMask = 2147483647;
			files = (
			);
			runOnlyForDeploymentPostprocessing = 0;
			name = "Copy Files";
			dstPath = "";
			dstSubfolderSpec = 13;
		};
		4CE5F17F009B49919FBD7673 /* Copy Files */ = {
			isa = PBXCopyFilesBuildPhase;
			buildActionMask = 2147483647;
			files = (
			);
			runOnlyForDeploymentPostprocessing = 0;
			name = "Copy Files";
			dstPath = "";
			dstSubfolderSpec = 13;
		};
		0BD7124654E648ECBCA944CA /* Copy Files */ = {
			isa = PBXCopyFilesBuildPhase;
			buildActionMask = 2147483647;
			files = (
			);
			runOnlyForDeploymentPostprocessing = 0;
			name = "Copy Files";
			dstPath = "";
			dstSubfolderSpec = 13;
		};
		F036997BFCC64311969493B9 /* Copy Files */ = {
			isa = PBXCopyFilesBuildPhase;
			buildActionMask = 2147483647;
			files = (
			);
			runOnlyForDeploymentPostprocessing = 0;
			name = "Copy Files";
			dstPath = "";
			dstSubfolderSpec = 13;
		};
		CAAB04A4339B40AEAD491E39 /* Copy Files */ = {
			isa = PBXCopyFilesBuildPhase;
			buildActionMask = 2147483647;
			files = (
			);
			runOnlyForDeploymentPostprocessing = 0;
			name = "Copy Files";
			dstPath = "";
			dstSubfolderSpec = 13;
		};
/* End PBXCopyFilesBuildPhase section */
	};
	rootObject = 83CBB9F71A601CBA00E9B192 /* Project object */;
}
